
Microsoft Visual Studio Solution File, Format Version 12.00
# Visual Studio Version 16
VisualStudioVersion = 16.0.31729.503
MinimumVisualStudioVersion = 10.0.40219.1
Project("{9A19103F-16F7-4668-BE54-9A1E7A4F7556}") = "AnnouncerBot", "AnnouncerBot.csproj", "{3512EAC2-6B2C-4C7D-923B-2F495878D28E}"
EndProject
Global
	GlobalSection(SolutionConfigurationPlatforms) = preSolution
		Debug|Any CPU = Debug|Any CPU
		Release|Any CPU = Release|Any CPU
	EndGlobalSection
	GlobalSection(ProjectConfigurationPlatforms) = postSolution
		{3512EAC2-6B2C-4C7D-923B-2F495878D28E}.Debug|Any CPU.ActiveCfg = Debug|Any CPU
		{3512EAC2-6B2C-4C7D-923B-2F495878D28E}.Debug|Any CPU.Build.0 = Debug|Any CPU
		{3512EAC2-6B2C-4C7D-923B-2F495878D28E}.Release|Any CPU.ActiveCfg = Release|Any CPU
		{3512EAC2-6B2C-4C7D-923B-2F495878D28E}.Release|Any CPU.Build.0 = Release|Any CPU
	EndGlobalSection
	GlobalSection(SolutionProperties) = preSolution
		HideSolutionNode = FALSE
	EndGlobalSection
	GlobalSection(ExtensibilityGlobals) = postSolution
		SolutionGuid = {53652180-6ACE-4E4A-8C10-BED50234146E}
	EndGlobalSection
EndGlobal
